// !$*UTF8*$!
{
	archiveVersion = 1;
	classes = {
	};
	objectVersion = 77;
	objects = {

/* Begin PBXBuildFile section */
		CEA5C0122E5A9A5C00093B90 /* amplifyconfiguration.json in Resources */ = {isa = PBXBuildFile; fileRef = CEA5BD872E5A959900093B90 /* amplifyconfiguration.json */; };
		CEA5C0132E5A9A6600093B90 /* awsconfiguration.json in Resources */ = {isa = PBXBuildFile; fileRef = CEA5BD892E5A959900093B90 /* awsconfiguration.json */; };
		CEA5E1C42E5AA59E00093B90 /* AWSAPIPlugin in Frameworks */ = {isa = PBXBuildFile; productRef = CEA5E1C32E5AA59E00093B90 /* AWSAPIPlugin */; };
		CEA5E1C62E5AA59E00093B90 /* AWSCloudWatchLoggingPlugin in Frameworks */ = {isa = PBXBuildFile; productRef = CEA5E1C52E5AA59E00093B90 /* AWSCloudWatchLoggingPlugin */; };
		CEA5E1C82E5AA59E00093B90 /* AWSCognitoAuthPlugin in Frameworks */ = {isa = PBXBuildFile; productRef = CEA5E1C72E5AA59E00093B90 /* AWSCognitoAuthPlugin */; };
		CEA5E1CA2E5AA59E00093B90 /* AWSDataStorePlugin in Frameworks */ = {isa = PBXBuildFile; productRef = CEA5E1C92E5AA59E00093B90 /* AWSDataStorePlugin */; };
		CEA5E1CC2E5AA59E00093B90 /* AWSLocationGeoPlugin in Frameworks */ = {isa = PBXBuildFile; productRef = CEA5E1CB2E5AA59E00093B90 /* AWSLocationGeoPlugin */; };
		CEA5E1CF2E5AA79300093B90 /* AWSS3StoragePlugin in Frameworks */ = {isa = PBXBuildFile; productRef = CEA5E1CE2E5AA79300093B90 /* AWSS3StoragePlugin */; };
/* End PBXBuildFile section */

/* Begin PBXContainerItemProxy section */
		CEC7AC772E176FAE00A6A102 /* PBXContainerItemProxy */ = {
			isa = PBXContainerItemProxy;
			containerPortal = CEC7AC612E176FAC00A6A102 /* Project object */;
			proxyType = 1;
			remoteGlobalIDString = CEC7AC682E176FAC00A6A102;
			remoteInfo = coworking_product;
		};
		CEC7AC812E176FAE00A6A102 /* PBXContainerItemProxy */ = {
			isa = PBXContainerItemProxy;
			containerPortal = CEC7AC612E176FAC00A6A102 /* Project object */;
			proxyType = 1;
			remoteGlobalIDString = CEC7AC682E176FAC00A6A102;
			remoteInfo = coworking_product;
		};
/* End PBXContainerItemProxy section */

/* Begin PBXFileReference section */
		CEA5BD872E5A959900093B90 /* amplifyconfiguration.json */ = {isa = PBXFileReference; lastKnownFileType = text.json; path = amplifyconfiguration.json; sourceTree = "<group>"; };
		CEA5BD882E5A959900093B90 /* AWSCLIV2.pkg */ = {isa = PBXFileReference; lastKnownFileType = file; path = AWSCLIV2.pkg; sourceTree = "<group>"; };
		CEA5BD892E5A959900093B90 /* awsconfiguration.json */ = {isa = PBXFileReference; lastKnownFileType = text.json; path = awsconfiguration.json; sourceTree = "<group>"; };
		CEA5C0092E5A99C000093B90 /* coworking-product-Info.plist */ = {isa = PBXFileReference; lastKnownFileType = text.plist.xml; path = "coworking-product-Info.plist"; sourceTree = "<group>"; };
		CEA5C00A2E5A99C000093B90 /* Podfile */ = {isa = PBXFileReference; lastKnownFileType = text; path = Podfile; sourceTree = "<group>"; };
		CEC7AC692E176FAC00A6A102 /* coworking_product.app */ = {isa = PBXFileReference; explicitFileType = wrapper.application; includeInIndex = 0; path = coworking_product.app; sourceTree = BUILT_PRODUCTS_DIR; };
		CEC7AC762E176FAE00A6A102 /* coworking_productTests.xctest */ = {isa = PBXFileReference; explicitFileType = wrapper.cfbundle; includeInIndex = 0; path = coworking_productTests.xctest; sourceTree = BUILT_PRODUCTS_DIR; };
		CEC7AC802E176FAE00A6A102 /* coworking_productUITests.xctest */ = {isa = PBXFileReference; explicitFileType = wrapper.cfbundle; includeInIndex = 0; path = coworking_productUITests.xctest; sourceTree = BUILT_PRODUCTS_DIR; };
/* End PBXFileReference section */

/* Begin PBXFileSystemSynchronizedBuildFileExceptionSet section */
		CEA5C0072E5A997300093B90 /* Exceptions for "amplify" folder in "coworking_product" target */ = {
			isa = PBXFileSystemSynchronizedBuildFileExceptionSet;
			membershipExceptions = (
				".config/local-aws-info.json",
				".config/local-env-info.json",
				".config/project-config.json",
				"#current-cloud-backend/amplify-meta.json",
				"#current-cloud-backend/api/amplifycoworkingapp/build/cloudformation-template.json",
				"#current-cloud-backend/api/amplifycoworkingapp/build/parameters.json",
				"#current-cloud-backend/api/amplifycoworkingapp/build/resolvers/Mutation.createUser.auth.1.req.vtl",
				"#current-cloud-backend/api/amplifycoworkingapp/build/resolvers/Mutation.createUser.init.1.req.vtl",
				"#current-cloud-backend/api/amplifycoworkingapp/build/resolvers/Mutation.createUser.postAuth.1.req.vtl",
				"#current-cloud-backend/api/amplifycoworkingapp/build/resolvers/Mutation.createUser.req.vtl",
				"#current-cloud-backend/api/amplifycoworkingapp/build/resolvers/Mutation.createUser.res.vtl",
				"#current-cloud-backend/api/amplifycoworkingapp/build/resolvers/Mutation.deleteUser.auth.1.req.vtl",
				"#current-cloud-backend/api/amplifycoworkingapp/build/resolvers/Mutation.deleteUser.auth.1.res.vtl",
				"#current-cloud-backend/api/amplifycoworkingapp/build/resolvers/Mutation.deleteUser.postAuth.1.req.vtl",
				"#current-cloud-backend/api/amplifycoworkingapp/build/resolvers/Mutation.deleteUser.req.vtl",
				"#current-cloud-backend/api/amplifycoworkingapp/build/resolvers/Mutation.deleteUser.res.vtl",
				"#current-cloud-backend/api/amplifycoworkingapp/build/resolvers/Mutation.updateUser.auth.1.req.vtl",
				"#current-cloud-backend/api/amplifycoworkingapp/build/resolvers/Mutation.updateUser.auth.1.res.vtl",
				"#current-cloud-backend/api/amplifycoworkingapp/build/resolvers/Mutation.updateUser.init.1.req.vtl",
				"#current-cloud-backend/api/amplifycoworkingapp/build/resolvers/Mutation.updateUser.postAuth.1.req.vtl",
				"#current-cloud-backend/api/amplifycoworkingapp/build/resolvers/Mutation.updateUser.req.vtl",
				"#current-cloud-backend/api/amplifycoworkingapp/build/resolvers/Mutation.updateUser.res.vtl",
				"#current-cloud-backend/api/amplifycoworkingapp/build/resolvers/Query.getUser.auth.1.req.vtl",
				"#current-cloud-backend/api/amplifycoworkingapp/build/resolvers/Query.getUser.postAuth.1.req.vtl",
				"#current-cloud-backend/api/amplifycoworkingapp/build/resolvers/Query.getUser.req.vtl",
				"#current-cloud-backend/api/amplifycoworkingapp/build/resolvers/Query.getUser.res.vtl",
				"#current-cloud-backend/api/amplifycoworkingapp/build/resolvers/Query.listUsers.auth.1.req.vtl",
				"#current-cloud-backend/api/amplifycoworkingapp/build/resolvers/Query.listUsers.postAuth.1.req.vtl",
				"#current-cloud-backend/api/amplifycoworkingapp/build/resolvers/Query.listUsers.req.vtl",
				"#current-cloud-backend/api/amplifycoworkingapp/build/resolvers/Query.listUsers.res.vtl",
				"#current-cloud-backend/api/amplifycoworkingapp/build/resolvers/Subscription.onCreateUser.auth.1.req.vtl",
				"#current-cloud-backend/api/amplifycoworkingapp/build/resolvers/Subscription.onCreateUser.postAuth.1.req.vtl",
				"#current-cloud-backend/api/amplifycoworkingapp/build/resolvers/Subscription.onCreateUser.req.vtl",
				"#current-cloud-backend/api/amplifycoworkingapp/build/resolvers/Subscription.onCreateUser.res.vtl",
				"#current-cloud-backend/api/amplifycoworkingapp/build/resolvers/Subscription.onDeleteUser.auth.1.req.vtl",
				"#current-cloud-backend/api/amplifycoworkingapp/build/resolvers/Subscription.onDeleteUser.postAuth.1.req.vtl",
				"#current-cloud-backend/api/amplifycoworkingapp/build/resolvers/Subscription.onDeleteUser.req.vtl",
				"#current-cloud-backend/api/amplifycoworkingapp/build/resolvers/Subscription.onDeleteUser.res.vtl",
				"#current-cloud-backend/api/amplifycoworkingapp/build/resolvers/Subscription.onUpdateUser.auth.1.req.vtl",
				"#current-cloud-backend/api/amplifycoworkingapp/build/resolvers/Subscription.onUpdateUser.postAuth.1.req.vtl",
				"#current-cloud-backend/api/amplifycoworkingapp/build/resolvers/Subscription.onUpdateUser.req.vtl",
				"#current-cloud-backend/api/amplifycoworkingapp/build/resolvers/Subscription.onUpdateUser.res.vtl",
				"#current-cloud-backend/api/amplifycoworkingapp/build/schema.graphql",
				"#current-cloud-backend/api/amplifycoworkingapp/build/stacks/CustomResources.json",
				"#current-cloud-backend/api/amplifycoworkingapp/build/stacks/User.json",
				"#current-cloud-backend/api/amplifycoworkingapp/cli-inputs.json",
				"#current-cloud-backend/api/amplifycoworkingapp/parameters.json",
				"#current-cloud-backend/api/amplifycoworkingapp/resolvers/README.md",
				"#current-cloud-backend/api/amplifycoworkingapp/schema.graphql",
				"#current-cloud-backend/api/amplifycoworkingapp/stacks/CustomResources.json",
				"#current-cloud-backend/api/amplifycoworkingapp/transform.conf.json",
				"#current-cloud-backend/auth/amplifycoworkingapp/build/amplifycoworkingapp-cloudformation-template.json",
				"#current-cloud-backend/auth/amplifycoworkingapp/build/parameters.json",
				"#current-cloud-backend/auth/amplifycoworkingapp/cli-inputs.json",
				"#current-cloud-backend/awscloudformation/build/api/amplifycoworkingapp/build/cloudformation-template.json",
				"#current-cloud-backend/awscloudformation/build/auth/amplifycoworkingapp/build/amplifycoworkingapp-cloudformation-template.json",
				"#current-cloud-backend/awscloudformation/build/awscloudformation/build/root-cloudformation-stack.json",
				"#current-cloud-backend/awscloudformation/build/root-cloudformation-stack.json",
				"#current-cloud-backend/awscloudformation/build/storage/s3c43d9bc4/build/cloudformation-template.json",
				"#current-cloud-backend/backend-config.json",
				"#current-cloud-backend/storage/s3c43d9bc4/build/cloudformation-template.json",
				"#current-cloud-backend/storage/s3c43d9bc4/build/parameters.json",
				"#current-cloud-backend/storage/s3c43d9bc4/cli-inputs.json",
				"#current-cloud-backend/tags.json",
				"backend/amplify-meta.json",
				"backend/api/amplifycoworkingapp/build/cloudformation-template.json",
				backend/api/amplifycoworkingapp/build/parameters.json,
				backend/api/amplifycoworkingapp/build/resolvers/Mutation.createUser.auth.1.req.vtl,
				backend/api/amplifycoworkingapp/build/resolvers/Mutation.createUser.init.1.req.vtl,
				backend/api/amplifycoworkingapp/build/resolvers/Mutation.createUser.postAuth.1.req.vtl,
				backend/api/amplifycoworkingapp/build/resolvers/Mutation.createUser.req.vtl,
				backend/api/amplifycoworkingapp/build/resolvers/Mutation.createUser.res.vtl,
				backend/api/amplifycoworkingapp/build/resolvers/Mutation.deleteUser.auth.1.req.vtl,
				backend/api/amplifycoworkingapp/build/resolvers/Mutation.deleteUser.auth.1.res.vtl,
				backend/api/amplifycoworkingapp/build/resolvers/Mutation.deleteUser.postAuth.1.req.vtl,
				backend/api/amplifycoworkingapp/build/resolvers/Mutation.deleteUser.req.vtl,
				backend/api/amplifycoworkingapp/build/resolvers/Mutation.deleteUser.res.vtl,
				backend/api/amplifycoworkingapp/build/resolvers/Mutation.updateUser.auth.1.req.vtl,
				backend/api/amplifycoworkingapp/build/resolvers/Mutation.updateUser.auth.1.res.vtl,
				backend/api/amplifycoworkingapp/build/resolvers/Mutation.updateUser.init.1.req.vtl,
				backend/api/amplifycoworkingapp/build/resolvers/Mutation.updateUser.postAuth.1.req.vtl,
				backend/api/amplifycoworkingapp/build/resolvers/Mutation.updateUser.req.vtl,
				backend/api/amplifycoworkingapp/build/resolvers/Mutation.updateUser.res.vtl,
				backend/api/amplifycoworkingapp/build/resolvers/Query.getUser.auth.1.req.vtl,
				backend/api/amplifycoworkingapp/build/resolvers/Query.getUser.postAuth.1.req.vtl,
				backend/api/amplifycoworkingapp/build/resolvers/Query.getUser.req.vtl,
				backend/api/amplifycoworkingapp/build/resolvers/Query.getUser.res.vtl,
				backend/api/amplifycoworkingapp/build/resolvers/Query.listUsers.auth.1.req.vtl,
				backend/api/amplifycoworkingapp/build/resolvers/Query.listUsers.postAuth.1.req.vtl,
				backend/api/amplifycoworkingapp/build/resolvers/Query.listUsers.req.vtl,
				backend/api/amplifycoworkingapp/build/resolvers/Query.listUsers.res.vtl,
				backend/api/amplifycoworkingapp/build/resolvers/Subscription.onCreateUser.auth.1.req.vtl,
				backend/api/amplifycoworkingapp/build/resolvers/Subscription.onCreateUser.postAuth.1.req.vtl,
				backend/api/amplifycoworkingapp/build/resolvers/Subscription.onCreateUser.req.vtl,
				backend/api/amplifycoworkingapp/build/resolvers/Subscription.onCreateUser.res.vtl,
				backend/api/amplifycoworkingapp/build/resolvers/Subscription.onDeleteUser.auth.1.req.vtl,
				backend/api/amplifycoworkingapp/build/resolvers/Subscription.onDeleteUser.postAuth.1.req.vtl,
				backend/api/amplifycoworkingapp/build/resolvers/Subscription.onDeleteUser.req.vtl,
				backend/api/amplifycoworkingapp/build/resolvers/Subscription.onDeleteUser.res.vtl,
				backend/api/amplifycoworkingapp/build/resolvers/Subscription.onUpdateUser.auth.1.req.vtl,
				backend/api/amplifycoworkingapp/build/resolvers/Subscription.onUpdateUser.postAuth.1.req.vtl,
				backend/api/amplifycoworkingapp/build/resolvers/Subscription.onUpdateUser.req.vtl,
				backend/api/amplifycoworkingapp/build/resolvers/Subscription.onUpdateUser.res.vtl,
				backend/api/amplifycoworkingapp/build/schema.graphql,
				backend/api/amplifycoworkingapp/build/stacks/CustomResources.json,
				backend/api/amplifycoworkingapp/build/stacks/User.json,
				"backend/api/amplifycoworkingapp/cli-inputs.json",
				backend/api/amplifycoworkingapp/parameters.json,
				backend/api/amplifycoworkingapp/resolvers/README.md,
				backend/api/amplifycoworkingapp/schema.graphql,
				backend/api/amplifycoworkingapp/stacks/CustomResources.json,
				backend/api/amplifycoworkingapp/transform.conf.json,
				"backend/auth/amplifycoworkingapp/build/amplifycoworkingapp-cloudformation-template.json",
				backend/auth/amplifycoworkingapp/build/parameters.json,
				"backend/auth/amplifycoworkingapp/cli-inputs.json",
				"backend/awscloudformation/build/api/amplifycoworkingapp/build/cloudformation-template.json",
				"backend/awscloudformation/build/auth/amplifycoworkingapp/build/amplifycoworkingapp-cloudformation-template.json",
				"backend/awscloudformation/build/awscloudformation/build/root-cloudformation-stack.json",
				"backend/awscloudformation/build/root-cloudformation-stack.json",
				"backend/awscloudformation/build/storage/s3c43d9bc4/build/cloudformation-template.json",
				"backend/backend-config.json",
				"backend/storage/s3c43d9bc4/build/cloudformation-template.json",
				backend/storage/s3c43d9bc4/build/parameters.json,
				"backend/storage/s3c43d9bc4/cli-inputs.json",
				backend/tags.json,
				cli.json,
				"team-provider-info.json",
			);
			target = CEC7AC682E176FAC00A6A102 /* coworking_product */;
		};
/* End PBXFileSystemSynchronizedBuildFileExceptionSet section */

/* Begin PBXFileSystemSynchronizedRootGroup section */
		CEA5C0052E5A992E00093B90 /* amplify */ = {
			isa = PBXFileSystemSynchronizedRootGroup;
			exceptions = (
				CEA5C0072E5A997300093B90 /* Exceptions for "amplify" folder in "coworking_product" target */,
			);
			path = amplify;
			sourceTree = "<group>";
		};
		CEC7AC6B2E176FAC00A6A102 /* coworking_product */ = {
			isa = PBXFileSystemSynchronizedRootGroup;
			path = coworking_product;
			sourceTree = "<group>";
		};
		CEC7AC792E176FAE00A6A102 /* coworking_productTests */ = {
			isa = PBXFileSystemSynchronizedRootGroup;
			path = coworking_productTests;
			sourceTree = "<group>";
		};
		CEC7AC832E176FAE00A6A102 /* coworking_productUITests */ = {
			isa = PBXFileSystemSynchronizedRootGroup;
			path = coworking_productUITests;
			sourceTree = "<group>";
		};
/* End PBXFileSystemSynchronizedRootGroup section */

/* Begin PBXFrameworksBuildPhase section */
		CEC7AC662E176FAC00A6A102 /* Frameworks */ = {
			isa = PBXFrameworksBuildPhase;
			buildActionMask = 2147483647;
			files = (
				CEA5E1C42E5AA59E00093B90 /* AWSAPIPlugin in Frameworks */,
				CEA5E1CC2E5AA59E00093B90 /* AWSLocationGeoPlugin in Frameworks */,
				CEA5E1C62E5AA59E00093B90 /* AWSCloudWatchLoggingPlugin in Frameworks */,
				CEA5E1C82E5AA59E00093B90 /* AWSCognitoAuthPlugin in Frameworks */,
				CEA5E1CA2E5AA59E00093B90 /* AWSDataStorePlugin in Frameworks */,
				CEA5E1CF2E5AA79300093B90 /* AWSS3StoragePlugin in Frameworks */,
			);
			runOnlyForDeploymentPostprocessing = 0;
		};
		CEC7AC732E176FAE00A6A102 /* Frameworks */ = {
			isa = PBXFrameworksBuildPhase;
			buildActionMask = 2147483647;
			files = (
			);
			runOnlyForDeploymentPostprocessing = 0;
		};
		CEC7AC7D2E176FAE00A6A102 /* Frameworks */ = {
			isa = PBXFrameworksBuildPhase;
			buildActionMask = 2147483647;
			files = (
			);
			runOnlyForDeploymentPostprocessing = 0;
		};
/* End PBXFrameworksBuildPhase section */

/* Begin PBXGroup section */
		CEA5E1CD2E5AA79300093B90 /* Frameworks */ = {
			isa = PBXGroup;
			children = (
			);
			name = Frameworks;
			sourceTree = "<group>";
		};
		CEC7AC602E176FAC00A6A102 = {
			isa = PBXGroup;
			children = (
				CEA5C0092E5A99C000093B90 /* coworking-product-Info.plist */,
				CEA5C00A2E5A99C000093B90 /* Podfile */,
				CEA5C0052E5A992E00093B90 /* amplify */,
				CEA5BD872E5A959900093B90 /* amplifyconfiguration.json */,
				CEA5BD882E5A959900093B90 /* AWSCLIV2.pkg */,
				CEA5BD892E5A959900093B90 /* awsconfiguration.json */,
				CEC7AC6B2E176FAC00A6A102 /* coworking_product */,
				CEC7AC792E176FAE00A6A102 /* coworking_productTests */,
				CEC7AC832E176FAE00A6A102 /* coworking_productUITests */,
				CEA5E1CD2E5AA79300093B90 /* Frameworks */,
				CEC7AC6A2E176FAC00A6A102 /* Products */,
			);
			sourceTree = "<group>";
		};
		CEC7AC6A2E176FAC00A6A102 /* Products */ = {
			isa = PBXGroup;
			children = (
				CEC7AC692E176FAC00A6A102 /* coworking_product.app */,
				CEC7AC762E176FAE00A6A102 /* coworking_productTests.xctest */,
				CEC7AC802E176FAE00A6A102 /* coworking_productUITests.xctest */,
			);
			name = Products;
			sourceTree = "<group>";
		};
/* End PBXGroup section */

/* Begin PBXNativeTarget section */
		CEC7AC682E176FAC00A6A102 /* coworking_product */ = {
			isa = PBXNativeTarget;
			buildConfigurationList = CEC7AC8A2E176FAE00A6A102 /* Build configuration list for PBXNativeTarget "coworking_product" */;
			buildPhases = (
				CEC7AC652E176FAC00A6A102 /* Sources */,
				CEC7AC662E176FAC00A6A102 /* Frameworks */,
				CEA5C0062E5A997300093B90 /* Resources */,
			);
			buildRules = (
			);
			dependencies = (
			);
			fileSystemSynchronizedGroups = (
				CEA5C0052E5A992E00093B90 /* amplify */,
				CEC7AC6B2E176FAC00A6A102 /* coworking_product */,
			);
			name = coworking_product;
			productName = coworking_product;
			productReference = CEC7AC692E176FAC00A6A102 /* coworking_product.app */;
			productType = "com.apple.product-type.application";
		};
		CEC7AC752E176FAE00A6A102 /* coworking_productTests */ = {
			isa = PBXNativeTarget;
			buildConfigurationList = CEC7AC8D2E176FAE00A6A102 /* Build configuration list for PBXNativeTarget "coworking_productTests" */;
			buildPhases = (
				CEC7AC722E176FAE00A6A102 /* Sources */,
				CEC7AC732E176FAE00A6A102 /* Frameworks */,
				CEC7AC742E176FAE00A6A102 /* Resources */,
			);
			buildRules = (
			);
			dependencies = (
				CEC7AC782E176FAE00A6A102 /* PBXTargetDependency */,
			);
			fileSystemSynchronizedGroups = (
				CEC7AC792E176FAE00A6A102 /* coworking_productTests */,
			);
			name = coworking_productTests;
			productName = coworking_productTests;
			productReference = CEC7AC762E176FAE00A6A102 /* coworking_productTests.xctest */;
			productType = "com.apple.product-type.bundle.unit-test";
		};
		CEC7AC7F2E176FAE00A6A102 /* coworking_productUITests */ = {
			isa = PBXNativeTarget;
			buildConfigurationList = CEC7AC902E176FAE00A6A102 /* Build configuration list for PBXNativeTarget "coworking_productUITests" */;
			buildPhases = (
				CEC7AC7C2E176FAE00A6A102 /* Sources */,
				CEC7AC7D2E176FAE00A6A102 /* Frameworks */,
				CEC7AC7E2E176FAE00A6A102 /* Resources */,
			);
			buildRules = (
			);
			dependencies = (
				CEC7AC822E176FAE00A6A102 /* PBXTargetDependency */,
			);
			fileSystemSynchronizedGroups = (
				CEC7AC832E176FAE00A6A102 /* coworking_productUITests */,
			);
			name = coworking_productUITests;
			productName = coworking_productUITests;
			productReference = CEC7AC802E176FAE00A6A102 /* coworking_productUITests.xctest */;
			productType = "com.apple.product-type.bundle.ui-testing";
		};
/* End PBXNativeTarget section */

/* Begin PBXProject section */
		CEC7AC612E176FAC00A6A102 /* Project object */ = {
			isa = PBXProject;
			attributes = {
				BuildIndependentTargetsInParallel = 1;
				LastSwiftUpdateCheck = 1640;
				LastUpgradeCheck = 1640;
				TargetAttributes = {
					CEC7AC682E176FAC00A6A102 = {
						CreatedOnToolsVersion = 16.4;
					};
					CEC7AC752E176FAE00A6A102 = {
						CreatedOnToolsVersion = 16.4;
						TestTargetID = CEC7AC682E176FAC00A6A102;
					};
					CEC7AC7F2E176FAE00A6A102 = {
						CreatedOnToolsVersion = 16.4;
						TestTargetID = CEC7AC682E176FAC00A6A102;
					};
				};
			};
			buildConfigurationList = CEC7AC642E176FAC00A6A102 /* Build configuration list for PBXProject "coworking_product" */;
			developmentRegion = en;
			hasScannedForEncodings = 0;
			knownRegions = (
				en,
				Base,
			);
			mainGroup = CEC7AC602E176FAC00A6A102;
			minimizedProjectReferenceProxies = 1;
			packageReferences = (
				CEA5E1C22E5AA59E00093B90 /* XCRemoteSwiftPackageReference "amplify-swift" */,
			);
			preferredProjectObjectVersion = 77;
			productRefGroup = CEC7AC6A2E176FAC00A6A102 /* Products */;
			projectDirPath = "";
			projectRoot = "";
			targets = (
				CEC7AC682E176FAC00A6A102 /* coworking_product */,
				CEC7AC752E176FAE00A6A102 /* coworking_productTests */,
				CEC7AC7F2E176FAE00A6A102 /* coworking_productUITests */,
			);
		};
/* End PBXProject section */

/* Begin PBXResourcesBuildPhase section */
		CEA5C0062E5A997300093B90 /* Resources */ = {
			isa = PBXResourcesBuildPhase;
			buildActionMask = 2147483647;
			files = (
				CEA5C0132E5A9A6600093B90 /* awsconfiguration.json in Resources */,
				CEA5C0122E5A9A5C00093B90 /* amplifyconfiguration.json in Resources */,
			);
			runOnlyForDeploymentPostprocessing = 0;
		};
		CEC7AC742E176FAE00A6A102 /* Resources */ = {
			isa = PBXResourcesBuildPhase;
			buildActionMask = 2147483647;
			files = (
			);
			runOnlyForDeploymentPostprocessing = 0;
		};
		CEC7AC7E2E176FAE00A6A102 /* Resources */ = {
			isa = PBXResourcesBuildPhase;
			buildActionMask = 2147483647;
			files = (
			);
			runOnlyForDeploymentPostprocessing = 0;
		};
/* End PBXResourcesBuildPhase section */

/* Begin PBXSourcesBuildPhase section */
		CEC7AC652E176FAC00A6A102 /* Sources */ = {
			isa = PBXSourcesBuildPhase;
			buildActionMask = 2147483647;
			files = (
			);
			runOnlyForDeploymentPostprocessing = 0;
		};
		CEC7AC722E176FAE00A6A102 /* Sources */ = {
			isa = PBXSourcesBuildPhase;
			buildActionMask = 2147483647;
			files = (
			);
			runOnlyForDeploymentPostprocessing = 0;
		};
		CEC7AC7C2E176FAE00A6A102 /* Sources */ = {
			isa = PBXSourcesBuildPhase;
			buildActionMask = 2147483647;
			files = (
			);
			runOnlyForDeploymentPostprocessing = 0;
		};
/* End PBXSourcesBuildPhase section */

/* Begin PBXTargetDependency section */
		CEC7AC782E176FAE00A6A102 /* PBXTargetDependency */ = {
			isa = PBXTargetDependency;
			target = CEC7AC682E176FAC00A6A102 /* coworking_product */;
			targetProxy = CEC7AC772E176FAE00A6A102 /* PBXContainerItemProxy */;
		};
		CEC7AC822E176FAE00A6A102 /* PBXTargetDependency */ = {
			isa = PBXTargetDependency;
			target = CEC7AC682E176FAC00A6A102 /* coworking_product */;
			targetProxy = CEC7AC812E176FAE00A6A102 /* PBXContainerItemProxy */;
		};
/* End PBXTargetDependency section */

/* Begin XCBuildConfiguration section */
		CEC7AC882E176FAE00A6A102 /* Debug */ = {
			isa = XCBuildConfiguration;
			buildSettings = {
				ALWAYS_SEARCH_USER_PATHS = NO;
				ASSETCATALOG_COMPILER_GENERATE_SWIFT_ASSET_SYMBOL_EXTENSIONS = YES;
				CLANG_ANALYZER_NONNULL = YES;
				CLANG_ANALYZER_NUMBER_OBJECT_CONVERSION = YES_AGGRESSIVE;
				CLANG_CXX_LANGUAGE_STANDARD = "gnu++20";
				CLANG_ENABLE_MODULES = YES;
				CLANG_ENABLE_OBJC_ARC = YES;
				CLANG_ENABLE_OBJC_WEAK = YES;
				CLANG_WARN_BLOCK_CAPTURE_AUTORELEASING = YES;
				CLANG_WARN_BOOL_CONVERSION = YES;
				CLANG_WARN_COMMA = YES;
				CLANG_WARN_CONSTANT_CONVERSION = YES;
				CLANG_WARN_DEPRECATED_OBJC_IMPLEMENTATIONS = YES;
				CLANG_WARN_DIRECT_OBJC_ISA_USAGE = YES_ERROR;
				CLANG_WARN_DOCUMENTATION_COMMENTS = YES;
				CLANG_WARN_EMPTY_BODY = YES;
				CLANG_WARN_ENUM_CONVERSION = YES;
				CLANG_WARN_INFINITE_RECURSION = YES;
				CLANG_WARN_INT_CONVERSION = YES;
				CLANG_WARN_NON_LITERAL_NULL_CONVERSION = YES;
				CLANG_WARN_OBJC_IMPLICIT_RETAIN_SELF = YES;
				CLANG_WARN_OBJC_LITERAL_CONVERSION = YES;
				CLANG_WARN_OBJC_ROOT_CLASS = YES_ERROR;
				CLANG_WARN_QUOTED_INCLUDE_IN_FRAMEWORK_HEADER = YES;
				CLANG_WARN_RANGE_LOOP_ANALYSIS = YES;
				CLANG_WARN_STRICT_PROTOTYPES = YES;
				CLANG_WARN_SUSPICIOUS_MOVE = YES;
				CLANG_WARN_UNGUARDED_AVAILABILITY = YES_AGGRESSIVE;
				CLANG_WARN_UNREACHABLE_CODE = YES;
				CLANG_WARN__DUPLICATE_METHOD_MATCH = YES;
				COPY_PHASE_STRIP = NO;
				DEBUG_INFORMATION_FORMAT = dwarf;
				ENABLE_STRICT_OBJC_MSGSEND = YES;
				ENABLE_TESTABILITY = YES;
				ENABLE_USER_SCRIPT_SANDBOXING = YES;
				GCC_C_LANGUAGE_STANDARD = gnu17;
				GCC_DYNAMIC_NO_PIC = NO;
				GCC_NO_COMMON_BLOCKS = YES;
				GCC_OPTIMIZATION_LEVEL = 0;
				GCC_PREPROCESSOR_DEFINITIONS = (
					"DEBUG=1",
					"$(inherited)",
				);
				GCC_WARN_64_TO_32_BIT_CONVERSION = YES;
				GCC_WARN_ABOUT_RETURN_TYPE = YES_ERROR;
				GCC_WARN_UNDECLARED_SELECTOR = YES;
				GCC_WARN_UNINITIALIZED_AUTOS = YES_AGGRESSIVE;
				GCC_WARN_UNUSED_FUNCTION = YES;
				GCC_WARN_UNUSED_VARIABLE = YES;
				IPHONEOS_DEPLOYMENT_TARGET = 18.5;
				LOCALIZATION_PREFERS_STRING_CATALOGS = YES;
				MTL_ENABLE_DEBUG_INFO = INCLUDE_SOURCE;
				MTL_FAST_MATH = YES;
				ONLY_ACTIVE_ARCH = YES;
				SDKROOT = iphoneos;
				SWIFT_ACTIVE_COMPILATION_CONDITIONS = "DEBUG $(inherited)";
				SWIFT_OPTIMIZATION_LEVEL = "-Onone";
			};
			name = Debug;
		};
		CEC7AC892E176FAE00A6A102 /* Release */ = {
			isa = XCBuildConfiguration;
			buildSettings = {
				ALWAYS_SEARCH_USER_PATHS = NO;
				ASSETCATALOG_COMPILER_GENERATE_SWIFT_ASSET_SYMBOL_EXTENSIONS = YES;
				CLANG_ANALYZER_NONNULL = YES;
				CLANG_ANALYZER_NUMBER_OBJECT_CONVERSION = YES_AGGRESSIVE;
				CLANG_CXX_LANGUAGE_STANDARD = "gnu++20";
				CLANG_ENABLE_MODULES = YES;
				CLANG_ENABLE_OBJC_ARC = YES;
				CLANG_ENABLE_OBJC_WEAK = YES;
				CLANG_WARN_BLOCK_CAPTURE_AUTORELEASING = YES;
				CLANG_WARN_BOOL_CONVERSION = YES;
				CLANG_WARN_COMMA = YES;
				CLANG_WARN_CONSTANT_CONVERSION = YES;
				CLANG_WARN_DEPRECATED_OBJC_IMPLEMENTATIONS = YES;
				CLANG_WARN_DIRECT_OBJC_ISA_USAGE = YES_ERROR;
				CLANG_WARN_DOCUMENTATION_COMMENTS = YES;
				CLANG_WARN_EMPTY_BODY = YES;
				CLANG_WARN_ENUM_CONVERSION = YES;
				CLANG_WARN_INFINITE_RECURSION = YES;
				CLANG_WARN_INT_CONVERSION = YES;
				CLANG_WARN_NON_LITERAL_NULL_CONVERSION = YES;
				CLANG_WARN_OBJC_IMPLICIT_RETAIN_SELF = YES;
				CLANG_WARN_OBJC_LITERAL_CONVERSION = YES;
				CLANG_WARN_OBJC_ROOT_CLASS = YES_ERROR;
				CLANG_WARN_QUOTED_INCLUDE_IN_FRAMEWORK_HEADER = YES;
				CLANG_WARN_RANGE_LOOP_ANALYSIS = YES;
				CLANG_WARN_STRICT_PROTOTYPES = YES;
				CLANG_WARN_SUSPICIOUS_MOVE = YES;
				CLANG_WARN_UNGUARDED_AVAILABILITY = YES_AGGRESSIVE;
				CLANG_WARN_UNREACHABLE_CODE = YES;
				CLANG_WARN__DUPLICATE_METHOD_MATCH = YES;
				COPY_PHASE_STRIP = NO;
				DEBUG_INFORMATION_FORMAT = "dwarf-with-dsym";
				ENABLE_NS_ASSERTIONS = NO;
				ENABLE_STRICT_OBJC_MSGSEND = YES;
				ENABLE_USER_SCRIPT_SANDBOXING = YES;
				GCC_C_LANGUAGE_STANDARD = gnu17;
				GCC_NO_COMMON_BLOCKS = YES;
				GCC_WARN_64_TO_32_BIT_CONVERSION = YES;
				GCC_WARN_ABOUT_RETURN_TYPE = YES_ERROR;
				GCC_WARN_UNDECLARED_SELECTOR = YES;
				GCC_WARN_UNINITIALIZED_AUTOS = YES_AGGRESSIVE;
				GCC_WARN_UNUSED_FUNCTION = YES;
				GCC_WARN_UNUSED_VARIABLE = YES;
				IPHONEOS_DEPLOYMENT_TARGET = 18.5;
				LOCALIZATION_PREFERS_STRING_CATALOGS = YES;
				MTL_ENABLE_DEBUG_INFO = NO;
				MTL_FAST_MATH = YES;
				SDKROOT = iphoneos;
				SWIFT_COMPILATION_MODE = wholemodule;
				VALIDATE_PRODUCT = YES;
			};
			name = Release;
		};
		CEC7AC8B2E176FAE00A6A102 /* Debug */ = {
			isa = XCBuildConfiguration;
			buildSettings = {
				ASSETCATALOG_COMPILER_APPICON_NAME = AppIcon;
				ASSETCATALOG_COMPILER_GLOBAL_ACCENT_COLOR_NAME = AccentColor;
				CODE_SIGN_STYLE = Automatic;
				CURRENT_PROJECT_VERSION = 1;
				DEVELOPMENT_TEAM = 8V5LBY3ZS7;
				ENABLE_PREVIEWS = YES;
				GENERATE_INFOPLIST_FILE = YES;
				INFOPLIST_FILE = "coworking-product-Info.plist";
				INFOPLIST_KEY_LSApplicationCategoryType = "public.app-category.business";
				INFOPLIST_KEY_UIApplicationSceneManifest_Generation = YES;
				INFOPLIST_KEY_UIApplicationSupportsIndirectInputEvents = YES;
				INFOPLIST_KEY_UILaunchScreen_Generation = YES;
				INFOPLIST_KEY_UISupportedInterfaceOrientations_iPad = "UIInterfaceOrientationPortrait UIInterfaceOrientationPortraitUpsideDown UIInterfaceOrientationLandscapeLeft UIInterfaceOrientationLandscapeRight";
				INFOPLIST_KEY_UISupportedInterfaceOrientations_iPhone = "UIInterfaceOrientationPortrait UIInterfaceOrientationLandscapeLeft UIInterfaceOrientationLandscapeRight";
				LD_RUNPATH_SEARCH_PATHS = (
					"$(inherited)",
					"@executable_path/Frameworks",
				);
				MARKETING_VERSION = 1.0;
				PRODUCT_BUNDLE_IDENTIFIER = "nandohss.coworking-product";
				PRODUCT_NAME = "$(TARGET_NAME)";
				SWIFT_EMIT_LOC_STRINGS = YES;
				SWIFT_VERSION = 5.0;
				TARGETED_DEVICE_FAMILY = "1,2";
			};
			name = Debug;
		};
		CEC7AC8C2E176FAE00A6A102 /* Release */ = {
			isa = XCBuildConfiguration;
			buildSettings = {
				ASSETCATALOG_COMPILER_APPICON_NAME = AppIcon;
				ASSETCATALOG_COMPILER_GLOBAL_ACCENT_COLOR_NAME = AccentColor;
				CODE_SIGN_STYLE = Automatic;
				CURRENT_PROJECT_VERSION = 1;
				DEVELOPMENT_TEAM = 8V5LBY3ZS7;
				ENABLE_PREVIEWS = YES;
				GENERATE_INFOPLIST_FILE = YES;
				INFOPLIST_FILE = "coworking-product-Info.plist";
				INFOPLIST_KEY_LSApplicationCategoryType = "public.app-category.business";
				INFOPLIST_KEY_UIApplicationSceneManifest_Generation = YES;
				INFOPLIST_KEY_UIApplicationSupportsIndirectInputEvents = YES;
				INFOPLIST_KEY_UILaunchScreen_Generation = YES;
				INFOPLIST_KEY_UISupportedInterfaceOrientations_iPad = "UIInterfaceOrientationPortrait UIInterfaceOrientationPortraitUpsideDown UIInterfaceOrientationLandscapeLeft UIInterfaceOrientationLandscapeRight";
				INFOPLIST_KEY_UISupportedInterfaceOrientations_iPhone = "UIInterfaceOrientationPortrait UIInterfaceOrientationLandscapeLeft UIInterfaceOrientationLandscapeRight";
				LD_RUNPATH_SEARCH_PATHS = (
					"$(inherited)",
					"@executable_path/Frameworks",
				);
				MARKETING_VERSION = 1.0;
				PRODUCT_BUNDLE_IDENTIFIER = "nandohss.coworking-product";
				PRODUCT_NAME = "$(TARGET_NAME)";
				SWIFT_EMIT_LOC_STRINGS = YES;
				SWIFT_VERSION = 5.0;
				TARGETED_DEVICE_FAMILY = "1,2";
			};
			name = Release;
		};
		CEC7AC8E2E176FAE00A6A102 /* Debug */ = {
			isa = XCBuildConfiguration;
			buildSettings = {
				BUNDLE_LOADER = "$(TEST_HOST)";
				"CODE_SIGN_IDENTITY[sdk=macosx*]" = "Apple Development";
				CODE_SIGN_STYLE = Automatic;
				CURRENT_PROJECT_VERSION = 1;
				DEVELOPMENT_TEAM = 8V5LBY3ZS7;
				GENERATE_INFOPLIST_FILE = YES;
				IPHONEOS_DEPLOYMENT_TARGET = 18.5;
				MARKETING_VERSION = 1.0;
				PRODUCT_BUNDLE_IDENTIFIER = "nandohss.coworking-productTests";
				PRODUCT_NAME = "$(TARGET_NAME)";
				SWIFT_EMIT_LOC_STRINGS = NO;
				SWIFT_VERSION = 5.0;
				TARGETED_DEVICE_FAMILY = "1,2";
				TEST_HOST = "$(BUILT_PRODUCTS_DIR)/coworking_product.app/$(BUNDLE_EXECUTABLE_FOLDER_PATH)/coworking_product";
			};
			name = Debug;
		};
		CEC7AC8F2E176FAE00A6A102 /* Release */ = {
			isa = XCBuildConfiguration;
			buildSettings = {
				BUNDLE_LOADER = "$(TEST_HOST)";
				"CODE_SIGN_IDENTITY[sdk=macosx*]" = "Apple Development";
				CODE_SIGN_STYLE = Automatic;
				CURRENT_PROJECT_VERSION = 1;
				DEVELOPMENT_TEAM = 8V5LBY3ZS7;
				GENERATE_INFOPLIST_FILE = YES;
				IPHONEOS_DEPLOYMENT_TARGET = 18.5;
				MARKETING_VERSION = 1.0;
				PRODUCT_BUNDLE_IDENTIFIER = "nandohss.coworking-productTests";
				PRODUCT_NAME = "$(TARGET_NAME)";
				SWIFT_EMIT_LOC_STRINGS = NO;
				SWIFT_VERSION = 5.0;
				TARGETED_DEVICE_FAMILY = "1,2";
				TEST_HOST = "$(BUILT_PRODUCTS_DIR)/coworking_product.app/$(BUNDLE_EXECUTABLE_FOLDER_PATH)/coworking_product";
			};
			name = Release;
		};
		CEC7AC912E176FAE00A6A102 /* Debug */ = {
			isa = XCBuildConfiguration;
			buildSettings = {
				"CODE_SIGN_IDENTITY[sdk=macosx*]" = "Apple Development";
				CODE_SIGN_STYLE = Automatic;
				CURRENT_PROJECT_VERSION = 1;
				DEVELOPMENT_TEAM = 8V5LBY3ZS7;
				GENERATE_INFOPLIST_FILE = YES;
				MARKETING_VERSION = 1.0;
				PRODUCT_BUNDLE_IDENTIFIER = "nandohss.coworking-productUITests";
				PRODUCT_NAME = "$(TARGET_NAME)";
				SWIFT_EMIT_LOC_STRINGS = NO;
				SWIFT_VERSION = 5.0;
				TARGETED_DEVICE_FAMILY = "1,2";
				TEST_TARGET_NAME = coworking_product;
			};
			name = Debug;
		};
		CEC7AC922E176FAE00A6A102 /* Release */ = {
			isa = XCBuildConfiguration;
			buildSettings = {
				"CODE_SIGN_IDENTITY[sdk=macosx*]" = "Apple Development";
				CODE_SIGN_STYLE = Automatic;
				CURRENT_PROJECT_VERSION = 1;
				DEVELOPMENT_TEAM = 8V5LBY3ZS7;
				GENERATE_INFOPLIST_FILE = YES;
				MARKETING_VERSION = 1.0;
				PRODUCT_BUNDLE_IDENTIFIER = "nandohss.coworking-productUITests";
				PRODUCT_NAME = "$(TARGET_NAME)";
				SWIFT_EMIT_LOC_STRINGS = NO;
				SWIFT_VERSION = 5.0;
				TARGETED_DEVICE_FAMILY = "1,2";
				TEST_TARGET_NAME = coworking_product;
			};
			name = Release;
		};
/* End XCBuildConfiguration section */

/* Begin XCConfigurationList section */
		CEC7AC642E176FAC00A6A102 /* Build configuration list for PBXProject "coworking_product" */ = {
			isa = XCConfigurationList;
			buildConfigurations = (
				CEC7AC882E176FAE00A6A102 /* Debug */,
				CEC7AC892E176FAE00A6A102 /* Release */,
			);
			defaultConfigurationIsVisible = 0;
			defaultConfigurationName = Release;
		};
		CEC7AC8A2E176FAE00A6A102 /* Build configuration list for PBXNativeTarget "coworking_product" */ = {
			isa = XCConfigurationList;
			buildConfigurations = (
				CEC7AC8B2E176FAE00A6A102 /* Debug */,
				CEC7AC8C2E176FAE00A6A102 /* Release */,
			);
			defaultConfigurationIsVisible = 0;
			defaultConfigurationName = Release;
		};
		CEC7AC8D2E176FAE00A6A102 /* Build configuration list for PBXNativeTarget "coworking_productTests" */ = {
			isa = XCConfigurationList;
			buildConfigurations = (
				CEC7AC8E2E176FAE00A6A102 /* Debug */,
				CEC7AC8F2E176FAE00A6A102 /* Release */,
			);
			defaultConfigurationIsVisible = 0;
			defaultConfigurationName = Release;
		};
		CEC7AC902E176FAE00A6A102 /* Build configuration list for PBXNativeTarget "coworking_productUITests" */ = {
			isa = XCConfigurationList;
			buildConfigurations = (
				CEC7AC912E176FAE00A6A102 /* Debug */,
				CEC7AC922E176FAE00A6A102 /* Release */,
			);
			defaultConfigurationIsVisible = 0;
			defaultConfigurationName = Release;
		};
/* End XCConfigurationList section */

/* Begin XCRemoteSwiftPackageReference section */
		CEA5E1C22E5AA59E00093B90 /* XCRemoteSwiftPackageReference "amplify-swift" */ = {
			isa = XCRemoteSwiftPackageReference;
			repositoryURL = "https://github.com/aws-amplify/amplify-swift";
			requirement = {
				kind = upToNextMajorVersion;
				minimumVersion = 2.50.0;
			};
		};
/* End XCRemoteSwiftPackageReference section */

/* Begin XCSwiftPackageProductDependency section */
		CEA5E1C32E5AA59E00093B90 /* AWSAPIPlugin */ = {
			isa = XCSwiftPackageProductDependency;
			package = CEA5E1C22E5AA59E00093B90 /* XCRemoteSwiftPackageReference "amplify-swift" */;
			productName = AWSAPIPlugin;
		};
		CEA5E1C52E5AA59E00093B90 /* AWSCloudWatchLoggingPlugin */ = {
			isa = XCSwiftPackageProductDependency;
			package = CEA5E1C22E5AA59E00093B90 /* XCRemoteSwiftPackageReference "amplify-swift" */;
			productName = AWSCloudWatchLoggingPlugin;
		};
		CEA5E1C72E5AA59E00093B90 /* AWSCognitoAuthPlugin */ = {
			isa = XCSwiftPackageProductDependency;
			package = CEA5E1C22E5AA59E00093B90 /* XCRemoteSwiftPackageReference "amplify-swift" */;
			productName = AWSCognitoAuthPlugin;
		};
		CEA5E1C92E5AA59E00093B90 /* AWSDataStorePlugin */ = {
			isa = XCSwiftPackageProductDependency;
			package = CEA5E1C22E5AA59E00093B90 /* XCRemoteSwiftPackageReference "amplify-swift" */;
			productName = AWSDataStorePlugin;
		};
		CEA5E1CB2E5AA59E00093B90 /* AWSLocationGeoPlugin */ = {
			isa = XCSwiftPackageProductDependency;
			package = CEA5E1C22E5AA59E00093B90 /* XCRemoteSwiftPackageReference "amplify-swift" */;
			productName = AWSLocationGeoPlugin;
		};
		CEA5E1CE2E5AA79300093B90 /* AWSS3StoragePlugin */ = {
			isa = XCSwiftPackageProductDependency;
			package = CEA5E1C22E5AA59E00093B90 /* XCRemoteSwiftPackageReference "amplify-swift" */;
			productName = AWSS3StoragePlugin;
		};
/* End XCSwiftPackageProductDependency section */
	};
	rootObject = CEC7AC612E176FAC00A6A102 /* Project object */;
}
