// !$*UTF8*$!
{
	archiveVersion = 1;
	classes = {
	};
	objectVersion = 77;
	objects = {

/* Begin PBXContainerItemProxy section */
		CEC7AC772E176FAE00A6A102 /* PBXContainerItemProxy */ = {
			isa = PBXContainerItemProxy;
			containerPortal = CEC7AC612E176FAC00A6A102 /* Project object */;
			proxyType = 1;
			remoteGlobalIDString = CEC7AC682E176FAC00A6A102;
			remoteInfo = coworking_product;
		};
		CEC7AC812E176FAE00A6A102 /* PBXContainerItemProxy */ = {
			isa = PBXContainerItemProxy;
			containerPortal = CEC7AC612E176FAC00A6A102 /* Project object */;
			proxyType = 1;
			remoteGlobalIDString = CEC7AC682E176FAC00A6A102;
			remoteInfo = coworking_product;
		};
/* End PBXContainerItemProxy section */

/* Begin PBXFileReference section */
		CEC7AC692E176FAC00A6A102 /* coworking_product.app */ = {isa = PBXFileReference; explicitFileType = wrapper.application; includeInIndex = 0; path = coworking_product.app; sourceTree = BUILT_PRODUCTS_DIR; };
		CEC7AC762E176FAE00A6A102 /* coworking_productTests.xctest */ = {isa = PBXFileReference; explicitFileType = wrapper.cfbundle; includeInIndex = 0; path = coworking_productTests.xctest; sourceTree = BUILT_PRODUCTS_DIR; };
		CEC7AC802E176FAE00A6A102 /* coworking_productUITests.xctest */ = {isa = PBXFileReference; explicitFileType = wrapper.cfbundle; includeInIndex = 0; path = coworking_productUITests.xctest; sourceTree = BUILT_PRODUCTS_DIR; };
/* End PBXFileReference section */

/* Begin PBXFileSystemSynchronizedRootGroup section */
		CEC7AC6B2E176FAC00A6A102 /* coworking_product */ = {
			isa = PBXFileSystemSynchronizedRootGroup;
			path = coworking_product;
			sourceTree = "<group>";
		};
		CEC7AC792E176FAE00A6A102 /* coworking_productTests */ = {
			isa = PBXFileSystemSynchronizedRootGroup;
			path = coworking_productTests;
			sourceTree = "<group>";
		};
		CEC7AC832E176FAE00A6A102 /* coworking_productUITests */ = {
			isa = PBXFileSystemSynchronizedRootGroup;
			path = coworking_productUITests;
			sourceTree = "<group>";
		};
/* End PBXFileSystemSynchronizedRootGroup section */

/* Begin PBXFrameworksBuildPhase section */
		CEC7AC662E176FAC00A6A102 /* Frameworks */ = {
			isa = PBXFrameworksBuildPhase;
			buildActionMask = 2147483647;
			files = (
			);
			runOnlyForDeploymentPostprocessing = 0;
		};
		CEC7AC732E176FAE00A6A102 /* Frameworks */ = {
			isa = PBXFrameworksBuildPhase;
			buildActionMask = 2147483647;
			files = (
			);
			runOnlyForDeploymentPostprocessing = 0;
		};
		CEC7AC7D2E176FAE00A6A102 /* Frameworks */ = {
			isa = PBXFrameworksBuildPhase;
			buildActionMask = 2147483647;
			files = (
			);
			runOnlyForDeploymentPostprocessing = 0;
		};
/* End PBXFrameworksBuildPhase section */

/* Begin PBXGroup section */
		CEC7AC602E176FAC00A6A102 = {
			isa = PBXGroup;
			children = (
				CEC7AC6B2E176FAC00A6A102 /* coworking_product */,
				CEC7AC792E176FAE00A6A102 /* coworking_productTests */,
				CEC7AC832E176FAE00A6A102 /* coworking_productUITests */,
				CEC7AC6A2E176FAC00A6A102 /* Products */,
			);
			sourceTree = "<group>";
		};
		CEC7AC6A2E176FAC00A6A102 /* Products */ = {
			isa = PBXGroup;
			children = (
				CEC7AC692E176FAC00A6A102 /* coworking_product.app */,
				CEC7AC762E176FAE00A6A102 /* coworking_productTests.xctest */,
				CEC7AC802E176FAE00A6A102 /* coworking_productUITests.xctest */,
			);
			name = Products;
			sourceTree = "<group>";
		};
/* End PBXGroup section */

/* Begin PBXNativeTarget section */
		CEC7AC682E176FAC00A6A102 /* coworking_product */ = {
			isa = PBXNativeTarget;
			buildConfigurationList = CEC7AC8A2E176FAE00A6A102 /* Build configuration list for PBXNativeTarget "coworking_product" */;
			buildPhases = (
				CEC7AC652E176FAC00A6A102 /* Sources */,
				CEC7AC662E176FAC00A6A102 /* Frameworks */,
				CEC7AC672E176FAC00A6A102 /* Resources */,
			);
			buildRules = (
			);
			dependencies = (
			);
			fileSystemSynchronizedGroups = (
				CEC7AC6B2E176FAC00A6A102 /* coworking_product */,
			);
			name = coworking_product;
			packageProductDependencies = (
			);
			productName = coworking_product;
			productReference = CEC7AC692E176FAC00A6A102 /* coworking_product.app */;
			productType = "com.apple.product-type.application";
		};
		CEC7AC752E176FAE00A6A102 /* coworking_productTests */ = {
			isa = PBXNativeTarget;
			buildConfigurationList = CEC7AC8D2E176FAE00A6A102 /* Build configuration list for PBXNativeTarget "coworking_productTests" */;
			buildPhases = (
				CEC7AC722E176FAE00A6A102 /* Sources */,
				CEC7AC732E176FAE00A6A102 /* Frameworks */,
				CEC7AC742E176FAE00A6A102 /* Resources */,
			);
			buildRules = (
			);
			dependencies = (
				CEC7AC782E176FAE00A6A102 /* PBXTargetDependency */,
			);
			fileSystemSynchronizedGroups = (
				CEC7AC792E176FAE00A6A102 /* coworking_productTests */,
			);
			name = coworking_productTests;
			packageProductDependencies = (
			);
			productName = coworking_productTests;
			productReference = CEC7AC762E176FAE00A6A102 /* coworking_productTests.xctest */;
			productType = "com.apple.product-type.bundle.unit-test";
		};
		CEC7AC7F2E176FAE00A6A102 /* coworking_productUITests */ = {
			isa = PBXNativeTarget;
			buildConfigurationList = CEC7AC902E176FAE00A6A102 /* Build configuration list for PBXNativeTarget "coworking_productUITests" */;
			buildPhases = (
				CEC7AC7C2E176FAE00A6A102 /* Sources */,
				CEC7AC7D2E176FAE00A6A102 /* Frameworks */,
				CEC7AC7E2E176FAE00A6A102 /* Resources */,
			);
			buildRules = (
			);
			dependencies = (
				CEC7AC822E176FAE00A6A102 /* PBXTargetDependency */,
			);
			fileSystemSynchronizedGroups = (
				CEC7AC832E176FAE00A6A102 /* coworking_productUITests */,
			);
			name = coworking_productUITests;
			packageProductDependencies = (
			);
			productName = coworking_productUITests;
			productReference = CEC7AC802E176FAE00A6A102 /* coworking_productUITests.xctest */;
			productType = "com.apple.product-type.bundle.ui-testing";
		};
/* End PBXNativeTarget section */

/* Begin PBXProject section */
		CEC7AC612E176FAC00A6A102 /* Project object */ = {
			isa = PBXProject;
			attributes = {
				BuildIndependentTargetsInParallel = 1;
				LastSwiftUpdateCheck = 1640;
				LastUpgradeCheck = 1640;
				TargetAttributes = {
					CEC7AC682E176FAC00A6A102 = {
						CreatedOnToolsVersion = 16.4;
					};
					CEC7AC752E176FAE00A6A102 = {
						CreatedOnToolsVersion = 16.4;
						TestTargetID = CEC7AC682E176FAC00A6A102;
					};
					CEC7AC7F2E176FAE00A6A102 = {
						CreatedOnToolsVersion = 16.4;
						TestTargetID = CEC7AC682E176FAC00A6A102;
					};
				};
			};
			buildConfigurationList = CEC7AC642E176FAC00A6A102 /* Build configuration list for PBXProject "coworking_product" */;
			developmentRegion = en;
			hasScannedForEncodings = 0;
			knownRegions = (
				en,
				Base,
			);
			mainGroup = CEC7AC602E176FAC00A6A102;
			minimizedProjectReferenceProxies = 1;
			preferredProjectObjectVersion = 77;
			productRefGroup = CEC7AC6A2E176FAC00A6A102 /* Products */;
			projectDirPath = "";
			projectRoot = "";
			targets = (
				CEC7AC682E176FAC00A6A102 /* coworking_product */,
				CEC7AC752E176FAE00A6A102 /* coworking_productTests */,
				CEC7AC7F2E176FAE00A6A102 /* coworking_productUITests */,
			);
		};
/* End PBXProject section */

/* Begin PBXResourcesBuildPhase section */
		CEC7AC672E176FAC00A6A102 /* Resources */ = {
			isa = PBXResourcesBuildPhase;
			buildActionMask = 2147483647;
			files = (
			);
			runOnlyForDeploymentPostprocessing = 0;
		};
		CEC7AC742E176FAE00A6A102 /* Resources */ = {
			isa = PBXResourcesBuildPhase;
			buildActionMask = 2147483647;
			files = (
			);
			runOnlyForDeploymentPostprocessing = 0;
		};
		CEC7AC7E2E176FAE00A6A102 /* Resources */ = {
			isa = PBXResourcesBuildPhase;
			buildActionMask = 2147483647;
			files = (
			);
			runOnlyForDeploymentPostprocessing = 0;
		};
/* End PBXResourcesBuildPhase section */

/* Begin PBXSourcesBuildPhase section */
		CEC7AC652E176FAC00A6A102 /* Sources */ = {
			isa = PBXSourcesBuildPhase;
			buildActionMask = 2147483647;
			files = (
			);
			runOnlyForDeploymentPostprocessing = 0;
		};
		CEC7AC722E176FAE00A6A102 /* Sources */ = {
			isa = PBXSourcesBuildPhase;
			buildActionMask = 2147483647;
			files = (
			);
			runOnlyForDeploymentPostprocessing = 0;
		};
		CEC7AC7C2E176FAE00A6A102 /* Sources */ = {
			isa = PBXSourcesBuildPhase;
			buildActionMask = 2147483647;
			files = (
			);
			runOnlyForDeploymentPostprocessing = 0;
		};
/* End PBXSourcesBuildPhase section */

/* Begin PBXTargetDependency section */
		CEC7AC782E176FAE00A6A102 /* PBXTargetDependency */ = {
			isa = PBXTargetDependency;
			target = CEC7AC682E176FAC00A6A102 /* coworking_product */;
			targetProxy = CEC7AC772E176FAE00A6A102 /* PBXContainerItemProxy */;
		};
		CEC7AC822E176FAE00A6A102 /* PBXTargetDependency */ = {
			isa = PBXTargetDependency;
			target = CEC7AC682E176FAC00A6A102 /* coworking_product */;
			targetProxy = CEC7AC812E176FAE00A6A102 /* PBXContainerItemProxy */;
		};
/* End PBXTargetDependency section */

/* Begin XCBuildConfiguration section */
		CEC7AC882E176FAE00A6A102 /* Debug */ = {
			isa = XCBuildConfiguration;
			buildSettings = {
				ALWAYS_SEARCH_USER_PATHS = NO;
				ASSETCATALOG_COMPILER_GENERATE_SWIFT_ASSET_SYMBOL_EXTENSIONS = YES;
				CLANG_ANALYZER_NONNULL = YES;
				CLANG_ANALYZER_NUMBER_OBJECT_CONVERSION = YES_AGGRESSIVE;
				CLANG_CXX_LANGUAGE_STANDARD = "gnu++20";
				CLANG_ENABLE_MODULES = YES;
				CLANG_ENABLE_OBJC_ARC = YES;
				CLANG_ENABLE_OBJC_WEAK = YES;
				CLANG_WARN_BLOCK_CAPTURE_AUTORELEASING = YES;
				CLANG_WARN_BOOL_CONVERSION = YES;
				CLANG_WARN_COMMA = YES;
				CLANG_WARN_CONSTANT_CONVERSION = YES;
				CLANG_WARN_DEPRECATED_OBJC_IMPLEMENTATIONS = YES;
				CLANG_WARN_DIRECT_OBJC_ISA_USAGE = YES_ERROR;
				CLANG_WARN_DOCUMENTATION_COMMENTS = YES;
				CLANG_WARN_EMPTY_BODY = YES;
				CLANG_WARN_ENUM_CONVERSION = YES;
				CLANG_WARN_INFINITE_RECURSION = YES;
				CLANG_WARN_INT_CONVERSION = YES;
				CLANG_WARN_NON_LITERAL_NULL_CONVERSION = YES;
				CLANG_WARN_OBJC_IMPLICIT_RETAIN_SELF = YES;
				CLANG_WARN_OBJC_LITERAL_CONVERSION = YES;
				CLANG_WARN_OBJC_ROOT_CLASS = YES_ERROR;
				CLANG_WARN_QUOTED_INCLUDE_IN_FRAMEWORK_HEADER = YES;
				CLANG_WARN_RANGE_LOOP_ANALYSIS = YES;
				CLANG_WARN_STRICT_PROTOTYPES = YES;
				CLANG_WARN_SUSPICIOUS_MOVE = YES;
				CLANG_WARN_UNGUARDED_AVAILABILITY = YES_AGGRESSIVE;
				CLANG_WARN_UNREACHABLE_CODE = YES;
				CLANG_WARN__DUPLICATE_METHOD_MATCH = YES;
				COPY_PHASE_STRIP = NO;
				DEBUG_INFORMATION_FORMAT = dwarf;
				ENABLE_STRICT_OBJC_MSGSEND = YES;
				ENABLE_TESTABILITY = YES;
				ENABLE_USER_SCRIPT_SANDBOXING = YES;
				GCC_C_LANGUAGE_STANDARD = gnu17;
				GCC_DYNAMIC_NO_PIC = NO;
				GCC_NO_COMMON_BLOCKS = YES;
				GCC_OPTIMIZATION_LEVEL = 0;
				GCC_PREPROCESSOR_DEFINITIONS = (
					"DEBUG=1",
					"$(inherited)",
				);
				GCC_WARN_64_TO_32_BIT_CONVERSION = YES;
				GCC_WARN_ABOUT_RETURN_TYPE = YES_ERROR;
				GCC_WARN_UNDECLARED_SELECTOR = YES;
				GCC_WARN_UNINITIALIZED_AUTOS = YES_AGGRESSIVE;
				GCC_WARN_UNUSED_FUNCTION = YES;
				GCC_WARN_UNUSED_VARIABLE = YES;
				IPHONEOS_DEPLOYMENT_TARGET = 18.5;
				LOCALIZATION_PREFERS_STRING_CATALOGS = YES;
				MTL_ENABLE_DEBUG_INFO = INCLUDE_SOURCE;
				MTL_FAST_MATH = YES;
				ONLY_ACTIVE_ARCH = YES;
				SDKROOT = iphoneos;
				SWIFT_ACTIVE_COMPILATION_CONDITIONS = "DEBUG $(inherited)";
				SWIFT_OPTIMIZATION_LEVEL = "-Onone";
			};
			name = Debug;
		};
		CEC7AC892E176FAE00A6A102 /* Release */ = {
			isa = XCBuildConfiguration;
			buildSettings = {
				ALWAYS_SEARCH_USER_PATHS = NO;
				ASSETCATALOG_COMPILER_GENERATE_SWIFT_ASSET_SYMBOL_EXTENSIONS = YES;
				CLANG_ANALYZER_NONNULL = YES;
				CLANG_ANALYZER_NUMBER_OBJECT_CONVERSION = YES_AGGRESSIVE;
				CLANG_CXX_LANGUAGE_STANDARD = "gnu++20";
				CLANG_ENABLE_MODULES = YES;
				CLANG_ENABLE_OBJC_ARC = YES;
				CLANG_ENABLE_OBJC_WEAK = YES;
				CLANG_WARN_BLOCK_CAPTURE_AUTORELEASING = YES;
				CLANG_WARN_BOOL_CONVERSION = YES;
				CLANG_WARN_COMMA = YES;
				CLANG_WARN_CONSTANT_CONVERSION = YES;
				CLANG_WARN_DEPRECATED_OBJC_IMPLEMENTATIONS = YES;
				CLANG_WARN_DIRECT_OBJC_ISA_USAGE = YES_ERROR;
				CLANG_WARN_DOCUMENTATION_COMMENTS = YES;
				CLANG_WARN_EMPTY_BODY = YES;
				CLANG_WARN_ENUM_CONVERSION = YES;
				CLANG_WARN_INFINITE_RECURSION = YES;
				CLANG_WARN_INT_CONVERSION = YES;
				CLANG_WARN_NON_LITERAL_NULL_CONVERSION = YES;
				CLANG_WARN_OBJC_IMPLICIT_RETAIN_SELF = YES;
				CLANG_WARN_OBJC_LITERAL_CONVERSION = YES;
				CLANG_WARN_OBJC_ROOT_CLASS = YES_ERROR;
				CLANG_WARN_QUOTED_INCLUDE_IN_FRAMEWORK_HEADER = YES;
				CLANG_WARN_RANGE_LOOP_ANALYSIS = YES;
				CLANG_WARN_STRICT_PROTOTYPES = YES;
				CLANG_WARN_SUSPICIOUS_MOVE = YES;
				CLANG_WARN_UNGUARDED_AVAILABILITY = YES_AGGRESSIVE;
				CLANG_WARN_UNREACHABLE_CODE = YES;
				CLANG_WARN__DUPLICATE_METHOD_MATCH = YES;
				COPY_PHASE_STRIP = NO;
				DEBUG_INFORMATION_FORMAT = "dwarf-with-dsym";
				ENABLE_NS_ASSERTIONS = NO;
				ENABLE_STRICT_OBJC_MSGSEND = YES;
				ENABLE_USER_SCRIPT_SANDBOXING = YES;
				GCC_C_LANGUAGE_STANDARD = gnu17;
				GCC_NO_COMMON_BLOCKS = YES;
				GCC_WARN_64_TO_32_BIT_CONVERSION = YES;
				GCC_WARN_ABOUT_RETURN_TYPE = YES_ERROR;
				GCC_WARN_UNDECLARED_SELECTOR = YES;
				GCC_WARN_UNINITIALIZED_AUTOS = YES_AGGRESSIVE;
				GCC_WARN_UNUSED_FUNCTION = YES;
				GCC_WARN_UNUSED_VARIABLE = YES;
				IPHONEOS_DEPLOYMENT_TARGET = 18.5;
				LOCALIZATION_PREFERS_STRING_CATALOGS = YES;
				MTL_ENABLE_DEBUG_INFO = NO;
				MTL_FAST_MATH = YES;
				SDKROOT = iphoneos;
				SWIFT_COMPILATION_MODE = wholemodule;
				VALIDATE_PRODUCT = YES;
			};
			name = Release;
		};
		CEC7AC8B2E176FAE00A6A102 /* Debug */ = {
			isa = XCBuildConfiguration;
			buildSettings = {
				ASSETCATALOG_COMPILER_APPICON_NAME = AppIcon;
				ASSETCATALOG_COMPILER_GLOBAL_ACCENT_COLOR_NAME = AccentColor;
				CODE_SIGN_STYLE = Automatic;
				CURRENT_PROJECT_VERSION = 1;
				ENABLE_PREVIEWS = YES;
				GENERATE_INFOPLIST_FILE = YES;
				INFOPLIST_KEY_UIApplicationSceneManifest_Generation = YES;
				INFOPLIST_KEY_UIApplicationSupportsIndirectInputEvents = YES;
				INFOPLIST_KEY_UILaunchScreen_Generation = YES;
				INFOPLIST_KEY_UISupportedInterfaceOrientations_iPad = "UIInterfaceOrientationPortrait UIInterfaceOrientationPortraitUpsideDown UIInterfaceOrientationLandscapeLeft UIInterfaceOrientationLandscapeRight";
				INFOPLIST_KEY_UISupportedInterfaceOrientations_iPhone = "UIInterfaceOrientationPortrait UIInterfaceOrientationLandscapeLeft UIInterfaceOrientationLandscapeRight";
				LD_RUNPATH_SEARCH_PATHS = (
					"$(inherited)",
					"@executable_path/Frameworks",
				);
				MARKETING_VERSION = 1.0;
				PRODUCT_BUNDLE_IDENTIFIER = "nandohss.coworking-product";
				PRODUCT_NAME = "$(TARGET_NAME)";
				SWIFT_EMIT_LOC_STRINGS = YES;
				SWIFT_VERSION = 5.0;
				TARGETED_DEVICE_FAMILY = "1,2";
			};
			name = Debug;
		};
		CEC7AC8C2E176FAE00A6A102 /* Release */ = {
			isa = XCBuildConfiguration;
			buildSettings = {
				ASSETCATALOG_COMPILER_APPICON_NAME = AppIcon;
				ASSETCATALOG_COMPILER_GLOBAL_ACCENT_COLOR_NAME = AccentColor;
				CODE_SIGN_STYLE = Automatic;
				CURRENT_PROJECT_VERSION = 1;
				ENABLE_PREVIEWS = YES;
				GENERATE_INFOPLIST_FILE = YES;
				INFOPLIST_KEY_UIApplicationSceneManifest_Generation = YES;
				INFOPLIST_KEY_UIApplicationSupportsIndirectInputEvents = YES;
				INFOPLIST_KEY_UILaunchScreen_Generation = YES;
				INFOPLIST_KEY_UISupportedInterfaceOrientations_iPad = "UIInterfaceOrientationPortrait UIInterfaceOrientationPortraitUpsideDown UIInterfaceOrientationLandscapeLeft UIInterfaceOrientationLandscapeRight";
				INFOPLIST_KEY_UISupportedInterfaceOrientations_iPhone = "UIInterfaceOrientationPortrait UIInterfaceOrientationLandscapeLeft UIInterfaceOrientationLandscapeRight";
				LD_RUNPATH_SEARCH_PATHS = (
					"$(inherited)",
					"@executable_path/Frameworks",
				);
				MARKETING_VERSION = 1.0;
				PRODUCT_BUNDLE_IDENTIFIER = "nandohss.coworking-product";
				PRODUCT_NAME = "$(TARGET_NAME)";
				SWIFT_EMIT_LOC_STRINGS = YES;
				SWIFT_VERSION = 5.0;
				TARGETED_DEVICE_FAMILY = "1,2";
			};
			name = Release;
		};
		CEC7AC8E2E176FAE00A6A102 /* Debug */ = {
			isa = XCBuildConfiguration;
			buildSettings = {
				BUNDLE_LOADER = "$(TEST_HOST)";
				CODE_SIGN_STYLE = Automatic;
				CURRENT_PROJECT_VERSION = 1;
				GENERATE_INFOPLIST_FILE = YES;
				IPHONEOS_DEPLOYMENT_TARGET = 18.5;
				MARKETING_VERSION = 1.0;
				PRODUCT_BUNDLE_IDENTIFIER = "nandohss.coworking-productTests";
				PRODUCT_NAME = "$(TARGET_NAME)";
				SWIFT_EMIT_LOC_STRINGS = NO;
				SWIFT_VERSION = 5.0;
				TARGETED_DEVICE_FAMILY = "1,2";
				TEST_HOST = "$(BUILT_PRODUCTS_DIR)/coworking_product.app/$(BUNDLE_EXECUTABLE_FOLDER_PATH)/coworking_product";
			};
			name = Debug;
		};
		CEC7AC8F2E176FAE00A6A102 /* Release */ = {
			isa = XCBuildConfiguration;
			buildSettings = {
				BUNDLE_LOADER = "$(TEST_HOST)";
				CODE_SIGN_STYLE = Automatic;
				CURRENT_PROJECT_VERSION = 1;
				GENERATE_INFOPLIST_FILE = YES;
				IPHONEOS_DEPLOYMENT_TARGET = 18.5;
				MARKETING_VERSION = 1.0;
				PRODUCT_BUNDLE_IDENTIFIER = "nandohss.coworking-productTests";
				PRODUCT_NAME = "$(TARGET_NAME)";
				SWIFT_EMIT_LOC_STRINGS = NO;
				SWIFT_VERSION = 5.0;
				TARGETED_DEVICE_FAMILY = "1,2";
				TEST_HOST = "$(BUILT_PRODUCTS_DIR)/coworking_product.app/$(BUNDLE_EXECUTABLE_FOLDER_PATH)/coworking_product";
			};
			name = Release;
		};
		CEC7AC912E176FAE00A6A102 /* Debug */ = {
			isa = XCBuildConfiguration;
			buildSettings = {
				CODE_SIGN_STYLE = Automatic;
				CURRENT_PROJECT_VERSION = 1;
				GENERATE_INFOPLIST_FILE = YES;
				MARKETING_VERSION = 1.0;
				PRODUCT_BUNDLE_IDENTIFIER = "nandohss.coworking-productUITests";
				PRODUCT_NAME = "$(TARGET_NAME)";
				SWIFT_EMIT_LOC_STRINGS = NO;
				SWIFT_VERSION = 5.0;
				TARGETED_DEVICE_FAMILY = "1,2";
				TEST_TARGET_NAME = coworking_product;
			};
			name = Debug;
		};
		CEC7AC922E176FAE00A6A102 /* Release */ = {
			isa = XCBuildConfiguration;
			buildSettings = {
				CODE_SIGN_STYLE = Automatic;
				CURRENT_PROJECT_VERSION = 1;
				GENERATE_INFOPLIST_FILE = YES;
				MARKETING_VERSION = 1.0;
				PRODUCT_BUNDLE_IDENTIFIER = "nandohss.coworking-productUITests";
				PRODUCT_NAME = "$(TARGET_NAME)";
				SWIFT_EMIT_LOC_STRINGS = NO;
				SWIFT_VERSION = 5.0;
				TARGETED_DEVICE_FAMILY = "1,2";
				TEST_TARGET_NAME = coworking_product;
			};
			name = Release;
		};
/* End XCBuildConfiguration section */

/* Begin XCConfigurationList section */
		CEC7AC642E176FAC00A6A102 /* Build configuration list for PBXProject "coworking_product" */ = {
			isa = XCConfigurationList;
			buildConfigurations = (
				CEC7AC882E176FAE00A6A102 /* Debug */,
				CEC7AC892E176FAE00A6A102 /* Release */,
			);
			defaultConfigurationIsVisible = 0;
			defaultConfigurationName = Release;
		};
		CEC7AC8A2E176FAE00A6A102 /* Build configuration list for PBXNativeTarget "coworking_product" */ = {
			isa = XCConfigurationList;
			buildConfigurations = (
				CEC7AC8B2E176FAE00A6A102 /* Debug */,
				CEC7AC8C2E176FAE00A6A102 /* Release */,
			);
			defaultConfigurationIsVisible = 0;
			defaultConfigurationName = Release;
		};
		CEC7AC8D2E176FAE00A6A102 /* Build configuration list for PBXNativeTarget "coworking_productTests" */ = {
			isa = XCConfigurationList;
			buildConfigurations = (
				CEC7AC8E2E176FAE00A6A102 /* Debug */,
				CEC7AC8F2E176FAE00A6A102 /* Release */,
			);
			defaultConfigurationIsVisible = 0;
			defaultConfigurationName = Release;
		};
		CEC7AC902E176FAE00A6A102 /* Build configuration list for PBXNativeTarget "coworking_productUITests" */ = {
			isa = XCConfigurationList;
			buildConfigurations = (
				CEC7AC912E176FAE00A6A102 /* Debug */,
				CEC7AC922E176FAE00A6A102 /* Release */,
			);
			defaultConfigurationIsVisible = 0;
			defaultConfigurationName = Release;
		};
/* End XCConfigurationList section */
	};
	rootObject = CEC7AC612E176FAC00A6A102 /* Project object */;
}
